
Microsoft Visual Studio Solution File, Format Version 12.00
# Visual Studio Version 17
VisualStudioVersion = 17.9.34728.123
MinimumVisualStudioVersion = 10.0.40219.1
Project("{FAE04EC0-301F-11D3-BF4B-00C04F79EFBC}") = "Лабораторная_1_компиляторы", "Лабораторная_1_компиляторы.csproj", "{47CDE06A-99BE-4CB7-8EC0-9D588305585C}"
EndProject
Global
	GlobalSection(SolutionConfigurationPlatforms) = preSolution
		Debug|Any CPU = Debug|Any CPU
		Release|Any CPU = Release|Any CPU
	EndGlobalSection
	GlobalSection(ProjectConfigurationPlatforms) = postSolution
		{47CDE06A-99BE-4CB7-8EC0-9D588305585C}.Debug|Any CPU.ActiveCfg = Debug|Any CPU
		{47CDE06A-99BE-4CB7-8EC0-9D588305585C}.Debug|Any CPU.Build.0 = Debug|Any CPU
		{47CDE06A-99BE-4CB7-8EC0-9D588305585C}.Release|Any CPU.ActiveCfg = Release|Any CPU
		{47CDE06A-99BE-4CB7-8EC0-9D588305585C}.Release|Any CPU.Build.0 = Release|Any CPU
	EndGlobalSection
	GlobalSection(SolutionProperties) = preSolution
		HideSolutionNode = FALSE
	EndGlobalSection
	GlobalSection(ExtensibilityGlobals) = postSolution
		SolutionGuid = {836FBED0-C009-41A3-915B-ECFF93D8EFC0}
	EndGlobalSection
EndGlobal
